
Microsoft Visual Studio Solution File, Format Version 12.00
Project("{FAE04EC0-301F-11D3-BF4B-00C04F79EFBC}") = "WebAPI", "WebAPI\WebAPI.csproj", "{D6E8AC81-9E28-4C37-9971-95A740052E15}"
EndProject
Project("{2150E333-8FDC-42A3-9474-1A3956D46DE8}") = "APIs", "APIs", "{5228E532-59C6-4299-92F4-764D70000066}"
EndProject
Project("{FAE04EC0-301F-11D3-BF4B-00C04F79EFBC}") = "Application", "Application\Application.csproj", "{E8A34132-DD2C-453F-B5C0-F6B7443B6BF6}"
EndProject
Project("{FAE04EC0-301F-11D3-BF4B-00C04F79EFBC}") = "Infrastructure", "Infrastructure\Infrastructure.csproj", "{4C2C6D56-F402-4961-8663-DDC296DBC7E5}"
EndProject
Project("{FAE04EC0-301F-11D3-BF4B-00C04F79EFBC}") = "Domain", "Domain\Domain.csproj", "{C603CB3D-7A97-4879-8305-DCE3807C3E7A}"
EndProject
Global
	GlobalSection(SolutionConfigurationPlatforms) = preSolution
		Debug|Any CPU = Debug|Any CPU
		Release|Any CPU = Release|Any CPU
	EndGlobalSection
	GlobalSection(ProjectConfigurationPlatforms) = postSolution
		{D6E8AC81-9E28-4C37-9971-95A740052E15}.Debug|Any CPU.ActiveCfg = Debug|Any CPU
		{D6E8AC81-9E28-4C37-9971-95A740052E15}.Debug|Any CPU.Build.0 = Debug|Any CPU
		{D6E8AC81-9E28-4C37-9971-95A740052E15}.Release|Any CPU.ActiveCfg = Release|Any CPU
		{D6E8AC81-9E28-4C37-9971-95A740052E15}.Release|Any CPU.Build.0 = Release|Any CPU
		{E8A34132-DD2C-453F-B5C0-F6B7443B6BF6}.Debug|Any CPU.ActiveCfg = Debug|Any CPU
		{E8A34132-DD2C-453F-B5C0-F6B7443B6BF6}.Debug|Any CPU.Build.0 = Debug|Any CPU
		{E8A34132-DD2C-453F-B5C0-F6B7443B6BF6}.Release|Any CPU.ActiveCfg = Release|Any CPU
		{E8A34132-DD2C-453F-B5C0-F6B7443B6BF6}.Release|Any CPU.Build.0 = Release|Any CPU
		{4C2C6D56-F402-4961-8663-DDC296DBC7E5}.Debug|Any CPU.ActiveCfg = Debug|Any CPU
		{4C2C6D56-F402-4961-8663-DDC296DBC7E5}.Debug|Any CPU.Build.0 = Debug|Any CPU
		{4C2C6D56-F402-4961-8663-DDC296DBC7E5}.Release|Any CPU.ActiveCfg = Release|Any CPU
		{4C2C6D56-F402-4961-8663-DDC296DBC7E5}.Release|Any CPU.Build.0 = Release|Any CPU
		{C603CB3D-7A97-4879-8305-DCE3807C3E7A}.Debug|Any CPU.ActiveCfg = Debug|Any CPU
		{C603CB3D-7A97-4879-8305-DCE3807C3E7A}.Debug|Any CPU.Build.0 = Debug|Any CPU
		{C603CB3D-7A97-4879-8305-DCE3807C3E7A}.Release|Any CPU.ActiveCfg = Release|Any CPU
		{C603CB3D-7A97-4879-8305-DCE3807C3E7A}.Release|Any CPU.Build.0 = Release|Any CPU
	EndGlobalSection
	GlobalSection(NestedProjects) = preSolution
		{D6E8AC81-9E28-4C37-9971-95A740052E15} = {5228E532-59C6-4299-92F4-764D70000066}
		{E8A34132-DD2C-453F-B5C0-F6B7443B6BF6} = {5228E532-59C6-4299-92F4-764D70000066}
		{4C2C6D56-F402-4961-8663-DDC296DBC7E5} = {5228E532-59C6-4299-92F4-764D70000066}
		{C603CB3D-7A97-4879-8305-DCE3807C3E7A} = {5228E532-59C6-4299-92F4-764D70000066}
	EndGlobalSection
EndGlobal
